// !$*UTF8*$!
{
	archiveVersion = 1;
	classes = {
	};
	objectVersion = 46;
	objects = {

/* Begin PBXBuildFile section */
		39CB2602182C1232005487B0 /* Foundation.framework in Frameworks */ = {isa = PBXBuildFile; fileRef = 39CB2601182C1232005487B0 /* Foundation.framework */; };
		39CB2604182C1232005487B0 /* CoreGraphics.framework in Frameworks */ = {isa = PBXBuildFile; fileRef = 39CB2603182C1232005487B0 /* CoreGraphics.framework */; };
		39CB2606182C1232005487B0 /* UIKit.framework in Frameworks */ = {isa = PBXBuildFile; fileRef = 39CB2605182C1232005487B0 /* UIKit.framework */; };
		39CB260C182C1232005487B0 /* InfoPlist.strings in Resources */ = {isa = PBXBuildFile; fileRef = 39CB260A182C1232005487B0 /* InfoPlist.strings */; };
		39CB260E182C1232005487B0 /* main.m in Sources */ = {isa = PBXBuildFile; fileRef = 39CB260D182C1232005487B0 /* main.m */; };
		39CB2612182C1232005487B0 /* ShareAppDelegate.m in Sources */ = {isa = PBXBuildFile; fileRef = 39CB2611182C1232005487B0 /* ShareAppDelegate.m */; };
		39CB2615182C1232005487B0 /* Main_iPhone.storyboard in Resources */ = {isa = PBXBuildFile; fileRef = 39CB2613182C1232005487B0 /* Main_iPhone.storyboard */; };
		39CB2618182C1232005487B0 /* Main_iPad.storyboard in Resources */ = {isa = PBXBuildFile; fileRef = 39CB2616182C1232005487B0 /* Main_iPad.storyboard */; };
		39CB261B182C1232005487B0 /* ShareViewController.m in Sources */ = {isa = PBXBuildFile; fileRef = 39CB261A182C1232005487B0 /* ShareViewController.m */; };
		39CB261D182C1232005487B0 /* Images.xcassets in Resources */ = {isa = PBXBuildFile; fileRef = 39CB261C182C1232005487B0 /* Images.xcassets */; };
		39CB2624182C1232005487B0 /* XCTest.framework in Frameworks */ = {isa = PBXBuildFile; fileRef = 39CB2623182C1232005487B0 /* XCTest.framework */; };
		39CB2625182C1232005487B0 /* Foundation.framework in Frameworks */ = {isa = PBXBuildFile; fileRef = 39CB2601182C1232005487B0 /* Foundation.framework */; };
		39CB2626182C1232005487B0 /* UIKit.framework in Frameworks */ = {isa = PBXBuildFile; fileRef = 39CB2605182C1232005487B0 /* UIKit.framework */; };
		39CB262E182C1232005487B0 /* InfoPlist.strings in Resources */ = {isa = PBXBuildFile; fileRef = 39CB262C182C1232005487B0 /* InfoPlist.strings */; };
		39CB2630182C1232005487B0 /* Share_FBTests.m in Sources */ = {isa = PBXBuildFile; fileRef = 39CB262F182C1232005487B0 /* Share_FBTests.m */; };
		39CB263A182C1269005487B0 /* Social.framework in Frameworks */ = {isa = PBXBuildFile; fileRef = 39CB2639182C1269005487B0 /* Social.framework */; };
		39CB263E182C150E005487B0 /* steveJobs.jpg in Resources */ = {isa = PBXBuildFile; fileRef = 39CB263D182C150E005487B0 /* steveJobs.jpg */; };
/* End PBXBuildFile section */

/* Begin PBXContainerItemProxy section */
		39CB2627182C1232005487B0 /* PBXContainerItemProxy */ = {
			isa = PBXContainerItemProxy;
			containerPortal = 39CB25F6182C1232005487B0 /* Project object */;
			proxyType = 1;
			remoteGlobalIDString = 39CB25FD182C1232005487B0;
			remoteInfo = "Share FB";
		};
/* End PBXContainerItemProxy section */

/* Begin PBXFileReference section */
		39CB25FE182C1232005487B0 /* Share FB.app */ = {isa = PBXFileReference; explicitFileType = wrapper.application; includeInIndex = 0; path = "Share FB.app"; sourceTree = BUILT_PRODUCTS_DIR; };
		39CB2601182C1232005487B0 /* Foundation.framework */ = {isa = PBXFileReference; lastKnownFileType = wrapper.framework; name = Foundation.framework; path = System/Library/Frameworks/Foundation.framework; sourceTree = SDKROOT; };
		39CB2603182C1232005487B0 /* CoreGraphics.framework */ = {isa = PBXFileReference; lastKnownFileType = wrapper.framework; name = CoreGraphics.framework; path = System/Library/Frameworks/CoreGraphics.framework; sourceTree = SDKROOT; };
		39CB2605182C1232005487B0 /* UIKit.framework */ = {isa = PBXFileReference; lastKnownFileType = wrapper.framework; name = UIKit.framework; path = System/Library/Frameworks/UIKit.framework; sourceTree = SDKROOT; };
		39CB2609182C1232005487B0 /* Share FB-Info.plist */ = {isa = PBXFileReference; lastKnownFileType = text.plist.xml; path = "Share FB-Info.plist"; sourceTree = "<group>"; };
		39CB260B182C1232005487B0 /* en */ = {isa = PBXFileReference; lastKnownFileType = text.plist.strings; name = en; path = en.lproj/InfoPlist.strings; sourceTree = "<group>"; };
		39CB260D182C1232005487B0 /* main.m */ = {isa = PBXFileReference; lastKnownFileType = sourcecode.c.objc; path = main.m; sourceTree = "<group>"; };
		39CB260F182C1232005487B0 /* Share FB-Prefix.pch */ = {isa = PBXFileReference; lastKnownFileType = sourcecode.c.h; path = "Share FB-Prefix.pch"; sourceTree = "<group>"; };
		39CB2610182C1232005487B0 /* ShareAppDelegate.h */ = {isa = PBXFileReference; lastKnownFileType = sourcecode.c.h; path = ShareAppDelegate.h; sourceTree = "<group>"; };
		39CB2611182C1232005487B0 /* ShareAppDelegate.m */ = {isa = PBXFileReference; lastKnownFileType = sourcecode.c.objc; path = ShareAppDelegate.m; sourceTree = "<group>"; };
		39CB2614182C1232005487B0 /* Base */ = {isa = PBXFileReference; lastKnownFileType = file.storyboard; name = Base; path = Base.lproj/Main_iPhone.storyboard; sourceTree = "<group>"; };
		39CB2617182C1232005487B0 /* Base */ = {isa = PBXFileReference; lastKnownFileType = file.storyboard; name = Base; path = Base.lproj/Main_iPad.storyboard; sourceTree = "<group>"; };
		39CB2619182C1232005487B0 /* ShareViewController.h */ = {isa = PBXFileReference; lastKnownFileType = sourcecode.c.h; path = ShareViewController.h; sourceTree = "<group>"; };
		39CB261A182C1232005487B0 /* ShareViewController.m */ = {isa = PBXFileReference; lastKnownFileType = sourcecode.c.objc; path = ShareViewController.m; sourceTree = "<group>"; };
		39CB261C182C1232005487B0 /* Images.xcassets */ = {isa = PBXFileReference; lastKnownFileType = folder.assetcatalog; path = Images.xcassets; sourceTree = "<group>"; };
		39CB2622182C1232005487B0 /* Share FBTests.xctest */ = {isa = PBXFileReference; explicitFileType = wrapper.cfbundle; includeInIndex = 0; path = "Share FBTests.xctest"; sourceTree = BUILT_PRODUCTS_DIR; };
		39CB2623182C1232005487B0 /* XCTest.framework */ = {isa = PBXFileReference; lastKnownFileType = wrapper.framework; name = XCTest.framework; path = Library/Frameworks/XCTest.framework; sourceTree = DEVELOPER_DIR; };
		39CB262B182C1232005487B0 /* Share FBTests-Info.plist */ = {isa = PBXFileReference; lastKnownFileType = text.plist.xml; path = "Share FBTests-Info.plist"; sourceTree = "<group>"; };
		39CB262D182C1232005487B0 /* en */ = {isa = PBXFileReference; lastKnownFileType = text.plist.strings; name = en; path = en.lproj/InfoPlist.strings; sourceTree = "<group>"; };
		39CB262F182C1232005487B0 /* Share_FBTests.m */ = {isa = PBXFileReference; lastKnownFileType = sourcecode.c.objc; path = Share_FBTests.m; sourceTree = "<group>"; };
		39CB2639182C1269005487B0 /* Social.framework */ = {isa = PBXFileReference; lastKnownFileType = wrapper.framework; name = Social.framework; path = System/Library/Frameworks/Social.framework; sourceTree = SDKROOT; };
		39CB263D182C150E005487B0 /* steveJobs.jpg */ = {isa = PBXFileReference; lastKnownFileType = image.jpeg; path = steveJobs.jpg; sourceTree = "<group>"; };
/* End PBXFileReference section */

/* Begin PBXFrameworksBuildPhase section */
		39CB25FB182C1232005487B0 /* Frameworks */ = {
			isa = PBXFrameworksBuildPhase;
			buildActionMask = 2147483647;
			files = (
				39CB263A182C1269005487B0 /* Social.framework in Frameworks */,
				39CB2604182C1232005487B0 /* CoreGraphics.framework in Frameworks */,
				39CB2606182C1232005487B0 /* UIKit.framework in Frameworks */,
				39CB2602182C1232005487B0 /* Foundation.framework in Frameworks */,
			);
			runOnlyForDeploymentPostprocessing = 0;
		};
		39CB261F182C1232005487B0 /* Frameworks */ = {
			isa = PBXFrameworksBuildPhase;
			buildActionMask = 2147483647;
			files = (
				39CB2624182C1232005487B0 /* XCTest.framework in Frameworks */,
				39CB2626182C1232005487B0 /* UIKit.framework in Frameworks */,
				39CB2625182C1232005487B0 /* Foundation.framework in Frameworks */,
			);
			runOnlyForDeploymentPostprocessing = 0;
		};
/* End PBXFrameworksBuildPhase section */

/* Begin PBXGroup section */
		39CB25F5182C1232005487B0 = {
			isa = PBXGroup;
			children = (
				39CB2607182C1232005487B0 /* Share FB */,
				39CB2629182C1232005487B0 /* Share FBTests */,
				39CB2600182C1232005487B0 /* Frameworks */,
				39CB25FF182C1232005487B0 /* Products */,
			);
			sourceTree = "<group>";
		};
		39CB25FF182C1232005487B0 /* Products */ = {
			isa = PBXGroup;
			children = (
				39CB25FE182C1232005487B0 /* Share FB.app */,
				39CB2622182C1232005487B0 /* Share FBTests.xctest */,
			);
			name = Products;
			sourceTree = "<group>";
		};
		39CB2600182C1232005487B0 /* Frameworks */ = {
			isa = PBXGroup;
			children = (
				39CB2639182C1269005487B0 /* Social.framework */,
				39CB2601182C1232005487B0 /* Foundation.framework */,
				39CB2603182C1232005487B0 /* CoreGraphics.framework */,
				39CB2605182C1232005487B0 /* UIKit.framework */,
				39CB2623182C1232005487B0 /* XCTest.framework */,
			);
			name = Frameworks;
			sourceTree = "<group>";
		};
		39CB2607182C1232005487B0 /* Share FB */ = {
			isa = PBXGroup;
			children = (
				39CB2610182C1232005487B0 /* ShareAppDelegate.h */,
				39CB2611182C1232005487B0 /* ShareAppDelegate.m */,
				39CB2613182C1232005487B0 /* Main_iPhone.storyboard */,
				39CB2616182C1232005487B0 /* Main_iPad.storyboard */,
				39CB2619182C1232005487B0 /* ShareViewController.h */,
				39CB261A182C1232005487B0 /* ShareViewController.m */,
				39CB263D182C150E005487B0 /* steveJobs.jpg */,
				39CB261C182C1232005487B0 /* Images.xcassets */,
				39CB2608182C1232005487B0 /* Supporting Files */,
			);
			path = "Share FB";
			sourceTree = "<group>";
		};
		39CB2608182C1232005487B0 /* Supporting Files */ = {
			isa = PBXGroup;
			children = (
				39CB2609182C1232005487B0 /* Share FB-Info.plist */,
				39CB260A182C1232005487B0 /* InfoPlist.strings */,
				39CB260D182C1232005487B0 /* main.m */,
				39CB260F182C1232005487B0 /* Share FB-Prefix.pch */,
			);
			name = "Supporting Files";
			sourceTree = "<group>";
		};
		39CB2629182C1232005487B0 /* Share FBTests */ = {
			isa = PBXGroup;
			children = (
				39CB262F182C1232005487B0 /* Share_FBTests.m */,
				39CB262A182C1232005487B0 /* Supporting Files */,
			);
			path = "Share FBTests";
			sourceTree = "<group>";
		};
		39CB262A182C1232005487B0 /* Supporting Files */ = {
			isa = PBXGroup;
			children = (
				39CB262B182C1232005487B0 /* Share FBTests-Info.plist */,
				39CB262C182C1232005487B0 /* InfoPlist.strings */,
			);
			name = "Supporting Files";
			sourceTree = "<group>";
		};
/* End PBXGroup section */

/* Begin PBXNativeTarget section */
		39CB25FD182C1232005487B0 /* Share FB */ = {
			isa = PBXNativeTarget;
			buildConfigurationList = 39CB2633182C1232005487B0 /* Build configuration list for PBXNativeTarget "Share FB" */;
			buildPhases = (
				39CB25FA182C1232005487B0 /* Sources */,
				39CB25FB182C1232005487B0 /* Frameworks */,
				39CB25FC182C1232005487B0 /* Resources */,
			);
			buildRules = (
			);
			dependencies = (
			);
			name = "Share FB";
			productName = "Share FB";
			productReference = 39CB25FE182C1232005487B0 /* Share FB.app */;
			productType = "com.apple.product-type.application";
		};
		39CB2621182C1232005487B0 /* Share FBTests */ = {
			isa = PBXNativeTarget;
			buildConfigurationList = 39CB2636182C1232005487B0 /* Build configuration list for PBXNativeTarget "Share FBTests" */;
			buildPhases = (
				39CB261E182C1232005487B0 /* Sources */,
				39CB261F182C1232005487B0 /* Frameworks */,
				39CB2620182C1232005487B0 /* Resources */,
			);
			buildRules = (
			);
			dependencies = (
				39CB2628182C1232005487B0 /* PBXTargetDependency */,
			);
			name = "Share FBTests";
			productName = "Share FBTests";
			productReference = 39CB2622182C1232005487B0 /* Share FBTests.xctest */;
			productType = "com.apple.product-type.bundle.unit-test";
		};
/* End PBXNativeTarget section */

/* Begin PBXProject section */
		39CB25F6182C1232005487B0 /* Project object */ = {
			isa = PBXProject;
			attributes = {
				CLASSPREFIX = Share;
				LastUpgradeCheck = 0500;
				ORGANIZATIONNAME = mo_r;
				TargetAttributes = {
					39CB2621182C1232005487B0 = {
						TestTargetID = 39CB25FD182C1232005487B0;
					};
				};
			};
			buildConfigurationList = 39CB25F9182C1232005487B0 /* Build configuration list for PBXProject "Share FB" */;
			compatibilityVersion = "Xcode 3.2";
			developmentRegion = English;
			hasScannedForEncodings = 0;
			knownRegions = (
				en,
				Base,
			);
			mainGroup = 39CB25F5182C1232005487B0;
			productRefGroup = 39CB25FF182C1232005487B0 /* Products */;
			projectDirPath = "";
			projectRoot = "";
			targets = (
				39CB25FD182C1232005487B0 /* Share FB */,
				39CB2621182C1232005487B0 /* Share FBTests */,
			);
		};
/* End PBXProject section */

/* Begin PBXResourcesBuildPhase section */
		39CB25FC182C1232005487B0 /* Resources */ = {
			isa = PBXResourcesBuildPhase;
			buildActionMask = 2147483647;
			files = (
				39CB2618182C1232005487B0 /* Main_iPad.storyboard in Resources */,
				39CB263E182C150E005487B0 /* steveJobs.jpg in Resources */,
				39CB261D182C1232005487B0 /* Images.xcassets in Resources */,
				39CB2615182C1232005487B0 /* Main_iPhone.storyboard in Resources */,
				39CB260C182C1232005487B0 /* InfoPlist.strings in Resources */,
			);
			runOnlyForDeploymentPostprocessing = 0;
		};
		39CB2620182C1232005487B0 /* Resources */ = {
			isa = PBXResourcesBuildPhase;
			buildActionMask = 2147483647;
			files = (
				39CB262E182C1232005487B0 /* InfoPlist.strings in Resources */,
			);
			runOnlyForDeploymentPostprocessing = 0;
		};
/* End PBXResourcesBuildPhase section */

/* Begin PBXSourcesBuildPhase section */
		39CB25FA182C1232005487B0 /* Sources */ = {
			isa = PBXSourcesBuildPhase;
			buildActionMask = 2147483647;
			files = (
				39CB2612182C1232005487B0 /* ShareAppDelegate.m in Sources */,
				39CB261B182C1232005487B0 /* ShareViewController.m in Sources */,
				39CB260E182C1232005487B0 /* main.m in Sources */,
			);
			runOnlyForDeploymentPostprocessing = 0;
		};
		39CB261E182C1232005487B0 /* Sources */ = {
			isa = PBXSourcesBuildPhase;
			buildActionMask = 2147483647;
			files = (
				39CB2630182C1232005487B0 /* Share_FBTests.m in Sources */,
			);
			runOnlyForDeploymentPostprocessing = 0;
		};
/* End PBXSourcesBuildPhase section */

/* Begin PBXTargetDependency section */
		39CB2628182C1232005487B0 /* PBXTargetDependency */ = {
			isa = PBXTargetDependency;
			target = 39CB25FD182C1232005487B0 /* Share FB */;
			targetProxy = 39CB2627182C1232005487B0 /* PBXContainerItemProxy */;
		};
/* End PBXTargetDependency section */

/* Begin PBXVariantGroup section */
		39CB260A182C1232005487B0 /* InfoPlist.strings */ = {
			isa = PBXVariantGroup;
			children = (
				39CB260B182C1232005487B0 /* en */,
			);
			name = InfoPlist.strings;
			sourceTree = "<group>";
		};
		39CB2613182C1232005487B0 /* Main_iPhone.storyboard */ = {
			isa = PBXVariantGroup;
			children = (
				39CB2614182C1232005487B0 /* Base */,
			);
			name = Main_iPhone.storyboard;
			sourceTree = "<group>";
		};
		39CB2616182C1232005487B0 /* Main_iPad.storyboard */ = {
			isa = PBXVariantGroup;
			children = (
				39CB2617182C1232005487B0 /* Base */,
			);
			name = Main_iPad.storyboard;
			sourceTree = "<group>";
		};
		39CB262C182C1232005487B0 /* InfoPlist.strings */ = {
			isa = PBXVariantGroup;
			children = (
				39CB262D182C1232005487B0 /* en */,
			);
			name = InfoPlist.strings;
			sourceTree = "<group>";
		};
/* End PBXVariantGroup section */

/* Begin XCBuildConfiguration section */
		39CB2631182C1232005487B0 /* Debug */ = {
			isa = XCBuildConfiguration;
			buildSettings = {
				ALWAYS_SEARCH_USER_PATHS = NO;
				ARCHS = "$(ARCHS_STANDARD_INCLUDING_64_BIT)";
				CLANG_CXX_LANGUAGE_STANDARD = "gnu++0x";
				CLANG_CXX_LIBRARY = "libc++";
				CLANG_ENABLE_MODULES = YES;
				CLANG_ENABLE_OBJC_ARC = YES;
				CLANG_WARN_BOOL_CONVERSION = YES;
				CLANG_WARN_CONSTANT_CONVERSION = YES;
				CLANG_WARN_DIRECT_OBJC_ISA_USAGE = YES_ERROR;
				CLANG_WARN_EMPTY_BODY = YES;
				CLANG_WARN_ENUM_CONVERSION = YES;
				CLANG_WARN_INT_CONVERSION = YES;
				CLANG_WARN_OBJC_ROOT_CLASS = YES_ERROR;
				CLANG_WARN__DUPLICATE_METHOD_MATCH = YES;
				"CODE_SIGN_IDENTITY[sdk=iphoneos*]" = "iPhone Developer";
				COPY_PHASE_STRIP = NO;
				GCC_C_LANGUAGE_STANDARD = gnu99;
				GCC_DYNAMIC_NO_PIC = NO;
				GCC_OPTIMIZATION_LEVEL = 0;
				GCC_PREPROCESSOR_DEFINITIONS = (
					"DEBUG=1",
					"$(inherited)",
				);
				GCC_SYMBOLS_PRIVATE_EXTERN = NO;
				GCC_WARN_64_TO_32_BIT_CONVERSION = YES;
				GCC_WARN_ABOUT_RETURN_TYPE = YES_ERROR;
				GCC_WARN_UNDECLARED_SELECTOR = YES;
				GCC_WARN_UNINITIALIZED_AUTOS = YES;
				GCC_WARN_UNUSED_FUNCTION = YES;
				GCC_WARN_UNUSED_VARIABLE = YES;
				IPHONEOS_DEPLOYMENT_TARGET = 7.0;
				ONLY_ACTIVE_ARCH = YES;
				SDKROOT = iphoneos;
				TARGETED_DEVICE_FAMILY = "1,2";
			};
			name = Debug;
		};
		39CB2632182C1232005487B0 /* Release */ = {
			isa = XCBuildConfiguration;
			buildSettings = {
				ALWAYS_SEARCH_USER_PATHS = NO;
				ARCHS = "$(ARCHS_STANDARD_INCLUDING_64_BIT)";
				CLANG_CXX_LANGUAGE_STANDARD = "gnu++0x";
				CLANG_CXX_LIBRARY = "libc++";
				CLANG_ENABLE_MODULES = YES;
				CLANG_ENABLE_OBJC_ARC = YES;
				CLANG_WARN_BOOL_CONVERSION = YES;
				CLANG_WARN_CONSTANT_CONVERSION = YES;
				CLANG_WARN_DIRECT_OBJC_ISA_USAGE = YES_ERROR;
				CLANG_WARN_EMPTY_BODY = YES;
				CLANG_WARN_ENUM_CONVERSION = YES;
				CLANG_WARN_INT_CONVERSION = YES;
				CLANG_WARN_OBJC_ROOT_CLASS = YES_ERROR;
				CLANG_WARN__DUPLICATE_METHOD_MATCH = YES;
				"CODE_SIGN_IDENTITY[sdk=iphoneos*]" = "iPhone Developer";
				COPY_PHASE_STRIP = YES;
				ENABLE_NS_ASSERTIONS = NO;
				GCC_C_LANGUAGE_STANDARD = gnu99;
				GCC_WARN_64_TO_32_BIT_CONVERSION = YES;
				GCC_WARN_ABOUT_RETURN_TYPE = YES_ERROR;
				GCC_WARN_UNDECLARED_SELECTOR = YES;
				GCC_WARN_UNINITIALIZED_AUTOS = YES;
				GCC_WARN_UNUSED_FUNCTION = YES;
				GCC_WARN_UNUSED_VARIABLE = YES;
				IPHONEOS_DEPLOYMENT_TARGET = 7.0;
				SDKROOT = iphoneos;
				TARGETED_DEVICE_FAMILY = "1,2";
				VALIDATE_PRODUCT = YES;
			};
			name = Release;
		};
		39CB2634182C1232005487B0 /* Debug */ = {
			isa = XCBuildConfiguration;
			buildSettings = {
				ASSETCATALOG_COMPILER_APPICON_NAME = AppIcon;
				ASSETCATALOG_COMPILER_LAUNCHIMAGE_NAME = LaunchImage;
				GCC_PRECOMPILE_PREFIX_HEADER = YES;
				GCC_PREFIX_HEADER = "Share FB/Share FB-Prefix.pch";
				INFOPLIST_FILE = "Share FB/Share FB-Info.plist";
				PRODUCT_NAME = "$(TARGET_NAME)";
				WRAPPER_EXTENSION = app;
			};
			name = Debug;
		};
		39CB2635182C1232005487B0 /* Release */ = {
			isa = XCBuildConfiguration;
			buildSettings = {
				ASSETCATALOG_COMPILER_APPICON_NAME = AppIcon;
				ASSETCATALOG_COMPILER_LAUNCHIMAGE_NAME = LaunchImage;
				GCC_PRECOMPILE_PREFIX_HEADER = YES;
				GCC_PREFIX_HEADER = "Share FB/Share FB-Prefix.pch";
				INFOPLIST_FILE = "Share FB/Share FB-Info.plist";
				PRODUCT_NAME = "$(TARGET_NAME)";
				WRAPPER_EXTENSION = app;
			};
			name = Release;
		};
		39CB2637182C1232005487B0 /* Debug */ = {
			isa = XCBuildConfiguration;
			buildSettings = {
				ARCHS = "$(ARCHS_STANDARD_INCLUDING_64_BIT)";
				BUNDLE_LOADER = "$(BUILT_PRODUCTS_DIR)/Share FB.app/Share FB";
				FRAMEWORK_SEARCH_PATHS = (
					"$(SDKROOT)/Developer/Library/Frameworks",
					"$(inherited)",
					"$(DEVELOPER_FRAMEWORKS_DIR)",
				);
				GCC_PRECOMPILE_PREFIX_HEADER = YES;
				GCC_PREFIX_HEADER = "Share FB/Share FB-Prefix.pch";
				GCC_PREPROCESSOR_DEFINITIONS = (
					"DEBUG=1",
					"$(inherited)",
				);
				INFOPLIST_FILE = "Share FBTests/Share FBTests-Info.plist";
				PRODUCT_NAME = "$(TARGET_NAME)";
				TEST_HOST = "$(BUNDLE_LOADER)";
				WRAPPER_EXTENSION = xctest;
			};
			name = Debug;
		};
		39CB2638182C1232005487B0 /* Release */ = {
			isa = XCBuildConfiguration;
			buildSettings = {
				ARCHS = "$(ARCHS_STANDARD_INCLUDING_64_BIT)";
				BUNDLE_LOADER = "$(BUILT_PRODUCTS_DIR)/Share FB.app/Share FB";
				FRAMEWORK_SEARCH_PATHS = (
					"$(SDKROOT)/Developer/Library/Frameworks",
					"$(inherited)",
					"$(DEVELOPER_FRAMEWORKS_DIR)",
				);
				GCC_PRECOMPILE_PREFIX_HEADER = YES;
				GCC_PREFIX_HEADER = "Share FB/Share FB-Prefix.pch";
				INFOPLIST_FILE = "Share FBTests/Share FBTests-Info.plist";
				PRODUCT_NAME = "$(TARGET_NAME)";
				TEST_HOST = "$(BUNDLE_LOADER)";
				WRAPPER_EXTENSION = xctest;
			};
			name = Release;
		};
/* End XCBuildConfiguration section */

/* Begin XCConfigurationList section */
		39CB25F9182C1232005487B0 /* Build configuration list for PBXProject "Share FB" */ = {
			isa = XCConfigurationList;
			buildConfigurations = (
				39CB2631182C1232005487B0 /* Debug */,
				39CB2632182C1232005487B0 /* Release */,
			);
			defaultConfigurationIsVisible = 0;
			defaultConfigurationName = Release;
		};
		39CB2633182C1232005487B0 /* Build configuration list for PBXNativeTarget "Share FB" */ = {
			isa = XCConfigurationList;
			buildConfigurations = (
				39CB2634182C1232005487B0 /* Debug */,
				39CB2635182C1232005487B0 /* Release */,
			);
			defaultConfigurationIsVisible = 0;
		};
		39CB2636182C1232005487B0 /* Build configuration list for PBXNativeTarget "Share FBTests" */ = {
			isa = XCConfigurationList;
			buildConfigurations = (
				39CB2637182C1232005487B0 /* Debug */,
				39CB2638182C1232005487B0 /* Release */,
			);
			defaultConfigurationIsVisible = 0;
		};
/* End XCConfigurationList section */
	};
	rootObject = 39CB25F6182C1232005487B0 /* Project object */;
}
